
Microsoft Visual Studio Solution File, Format Version 12.00
# Visual Studio Version 17
VisualStudioVersion = 17.4.33110.190
MinimumVisualStudioVersion = 10.0.40219.1
Project("{9A19103F-16F7-4668-BE54-9A1E7A4F7556}") = "TweetsClassification", "TweetsClassification\TweetsClassification.csproj", "{4F8C4454-B7D2-4A72-B0A8-AAF3632EC516}"
EndProject
Global
	GlobalSection(SolutionConfigurationPlatforms) = preSolution
		Debug|Any CPU = Debug|Any CPU
		Release|Any CPU = Release|Any CPU
	EndGlobalSection
	GlobalSection(ProjectConfigurationPlatforms) = postSolution
		{4F8C4454-B7D2-4A72-B0A8-AAF3632EC516}.Debug|Any CPU.ActiveCfg = Debug|Any CPU
		{4F8C4454-B7D2-4A72-B0A8-AAF3632EC516}.Debug|Any CPU.Build.0 = Debug|Any CPU
		{4F8C4454-B7D2-4A72-B0A8-AAF3632EC516}.Release|Any CPU.ActiveCfg = Release|Any CPU
		{4F8C4454-B7D2-4A72-B0A8-AAF3632EC516}.Release|Any CPU.Build.0 = Release|Any CPU
	EndGlobalSection
	GlobalSection(SolutionProperties) = preSolution
		HideSolutionNode = FALSE
	EndGlobalSection
	GlobalSection(ExtensibilityGlobals) = postSolution
		SolutionGuid = {829C2812-7192-4F55-8236-DC6ABC5CBCA2}
	EndGlobalSection
EndGlobal
