
Microsoft Visual Studio Solution File, Format Version 12.00
# Visual Studio Version 17
VisualStudioVersion = 17.4.33110.190
MinimumVisualStudioVersion = 10.0.40219.1
Project("{9A19103F-16F7-4668-BE54-9A1E7A4F7556}") = "TweetsClassifierRazor", "TweetsClassifierRazor\TweetsClassifierRazor.csproj", "{B41226D2-2594-4A39-AB68-1D0C2F2E4BBE}"
EndProject
Global
	GlobalSection(SolutionConfigurationPlatforms) = preSolution
		Debug|Any CPU = Debug|Any CPU
		Release|Any CPU = Release|Any CPU
	EndGlobalSection
	GlobalSection(ProjectConfigurationPlatforms) = postSolution
		{B41226D2-2594-4A39-AB68-1D0C2F2E4BBE}.Debug|Any CPU.ActiveCfg = Debug|Any CPU
		{B41226D2-2594-4A39-AB68-1D0C2F2E4BBE}.Debug|Any CPU.Build.0 = Debug|Any CPU
		{B41226D2-2594-4A39-AB68-1D0C2F2E4BBE}.Release|Any CPU.ActiveCfg = Release|Any CPU
		{B41226D2-2594-4A39-AB68-1D0C2F2E4BBE}.Release|Any CPU.Build.0 = Release|Any CPU
	EndGlobalSection
	GlobalSection(SolutionProperties) = preSolution
		HideSolutionNode = FALSE
	EndGlobalSection
	GlobalSection(ExtensibilityGlobals) = postSolution
		SolutionGuid = {829C2812-7192-4F55-8236-DC6ABC5CBCA2}
	EndGlobalSection
EndGlobal
